// !$*UTF8*$!
{
	archiveVersion = 1;
	classes = {
	};
	objectVersion = 55;
	objects = {

/* Begin PBXBuildFile section */
		0BF2F10D20A171F897866DCB /* Pods_Notes.framework in Frameworks */ = {isa = PBXBuildFile; fileRef = D1F6FBFCDAA6E87A96D7ADF0 /* Pods_Notes.framework */; };
		2869ADC62957083600C2C44A /* PersistenceManager.swift in Sources */ = {isa = PBXBuildFile; fileRef = 2869ADC52957083600C2C44A /* PersistenceManager.swift */; };
		2869ADDD295710BF00C2C44A /* Notes.xcdatamodeld in Sources */ = {isa = PBXBuildFile; fileRef = 2869ADDB295710BF00C2C44A /* Notes.xcdatamodeld */; };
		28A82BF72957138800551190 /* NotesData+CoreDataClass.swift in Sources */ = {isa = PBXBuildFile; fileRef = 28A82BF52957138800551190 /* NotesData+CoreDataClass.swift */; };
		28A82BF82957138800551190 /* NotesData+CoreDataProperties.swift in Sources */ = {isa = PBXBuildFile; fileRef = 28A82BF62957138800551190 /* NotesData+CoreDataProperties.swift */; };
		28A82BFE29573F0200551190 /* NewNoteModel.swift in Sources */ = {isa = PBXBuildFile; fileRef = 28A82BFD29573F0200551190 /* NewNoteModel.swift */; };
		28B422B22953124D00543AF9 /* AppDelegate.swift in Sources */ = {isa = PBXBuildFile; fileRef = 28B422B12953124D00543AF9 /* AppDelegate.swift */; };
		28B422B42953124D00543AF9 /* SceneDelegate.swift in Sources */ = {isa = PBXBuildFile; fileRef = 28B422B32953124D00543AF9 /* SceneDelegate.swift */; };
		28B422BB2953124F00543AF9 /* Assets.xcassets in Resources */ = {isa = PBXBuildFile; fileRef = 28B422BA2953124F00543AF9 /* Assets.xcassets */; };
		28B422BE2953124F00543AF9 /* LaunchScreen.storyboard in Resources */ = {isa = PBXBuildFile; fileRef = 28B422BC2953124F00543AF9 /* LaunchScreen.storyboard */; };
		28B422C62953158500543AF9 /* HomeViewController.swift in Sources */ = {isa = PBXBuildFile; fileRef = 28B422C52953158500543AF9 /* HomeViewController.swift */; };
		28B422C8295315A200543AF9 /* HomeView.swift in Sources */ = {isa = PBXBuildFile; fileRef = 28B422C7295315A200543AF9 /* HomeView.swift */; };
		28B422CC2953395300543AF9 /* HomeTableViewCell.swift in Sources */ = {isa = PBXBuildFile; fileRef = 28B422CB2953395200543AF9 /* HomeTableViewCell.swift */; };
		28B4230329547CFF00543AF9 /* NewNoteView.swift in Sources */ = {isa = PBXBuildFile; fileRef = 28B4230229547CFF00543AF9 /* NewNoteView.swift */; };
		28BDF61A2954858A0072F0E4 /* NewNoteViewController.swift in Sources */ = {isa = PBXBuildFile; fileRef = 28BDF6192954858A0072F0E4 /* NewNoteViewController.swift */; };
		28BDF61D2955E7610072F0E4 /* EntryNoteViewController.swift in Sources */ = {isa = PBXBuildFile; fileRef = 28BDF61C2955E7610072F0E4 /* EntryNoteViewController.swift */; };
/* End PBXBuildFile section */

/* Begin PBXFileReference section */
		2869ADC52957083600C2C44A /* PersistenceManager.swift */ = {isa = PBXFileReference; lastKnownFileType = sourcecode.swift; path = PersistenceManager.swift; sourceTree = "<group>"; };
		2869ADDC295710BF00C2C44A /* Notes.xcdatamodel */ = {isa = PBXFileReference; lastKnownFileType = wrapper.xcdatamodel; path = Notes.xcdatamodel; sourceTree = "<group>"; };
		28A82BF52957138800551190 /* NotesData+CoreDataClass.swift */ = {isa = PBXFileReference; lastKnownFileType = sourcecode.swift; path = "NotesData+CoreDataClass.swift"; sourceTree = "<group>"; };
		28A82BF62957138800551190 /* NotesData+CoreDataProperties.swift */ = {isa = PBXFileReference; lastKnownFileType = sourcecode.swift; path = "NotesData+CoreDataProperties.swift"; sourceTree = "<group>"; };
		28A82BFD29573F0200551190 /* NewNoteModel.swift */ = {isa = PBXFileReference; lastKnownFileType = sourcecode.swift; path = NewNoteModel.swift; sourceTree = "<group>"; };
		28B422AE2953124D00543AF9 /* Notes.app */ = {isa = PBXFileReference; explicitFileType = wrapper.application; includeInIndex = 0; path = Notes.app; sourceTree = BUILT_PRODUCTS_DIR; };
		28B422B12953124D00543AF9 /* AppDelegate.swift */ = {isa = PBXFileReference; lastKnownFileType = sourcecode.swift; path = AppDelegate.swift; sourceTree = "<group>"; };
		28B422B32953124D00543AF9 /* SceneDelegate.swift */ = {isa = PBXFileReference; lastKnownFileType = sourcecode.swift; path = SceneDelegate.swift; sourceTree = "<group>"; };
		28B422BA2953124F00543AF9 /* Assets.xcassets */ = {isa = PBXFileReference; lastKnownFileType = folder.assetcatalog; path = Assets.xcassets; sourceTree = "<group>"; };
		28B422BD2953124F00543AF9 /* Base */ = {isa = PBXFileReference; lastKnownFileType = file.storyboard; name = Base; path = Base.lproj/LaunchScreen.storyboard; sourceTree = "<group>"; };
		28B422BF2953124F00543AF9 /* Info.plist */ = {isa = PBXFileReference; lastKnownFileType = text.plist.xml; path = Info.plist; sourceTree = "<group>"; };
		28B422C52953158500543AF9 /* HomeViewController.swift */ = {isa = PBXFileReference; lastKnownFileType = sourcecode.swift; path = HomeViewController.swift; sourceTree = "<group>"; };
		28B422C7295315A200543AF9 /* HomeView.swift */ = {isa = PBXFileReference; lastKnownFileType = sourcecode.swift; path = HomeView.swift; sourceTree = "<group>"; };
		28B422CB2953395200543AF9 /* HomeTableViewCell.swift */ = {isa = PBXFileReference; lastKnownFileType = sourcecode.swift; path = HomeTableViewCell.swift; sourceTree = "<group>"; };
		28B4230229547CFF00543AF9 /* NewNoteView.swift */ = {isa = PBXFileReference; lastKnownFileType = sourcecode.swift; path = NewNoteView.swift; sourceTree = "<group>"; };
		28BDF6192954858A0072F0E4 /* NewNoteViewController.swift */ = {isa = PBXFileReference; fileEncoding = 4; lastKnownFileType = sourcecode.swift; path = NewNoteViewController.swift; sourceTree = "<group>"; };
		28BDF61C2955E7610072F0E4 /* EntryNoteViewController.swift */ = {isa = PBXFileReference; lastKnownFileType = sourcecode.swift; path = EntryNoteViewController.swift; sourceTree = "<group>"; };
		563027FCE741B8A6DB6ACF3C /* Pods-Notes.release.xcconfig */ = {isa = PBXFileReference; includeInIndex = 1; lastKnownFileType = text.xcconfig; name = "Pods-Notes.release.xcconfig"; path = "Target Support Files/Pods-Notes/Pods-Notes.release.xcconfig"; sourceTree = "<group>"; };
		D1F6FBFCDAA6E87A96D7ADF0 /* Pods_Notes.framework */ = {isa = PBXFileReference; explicitFileType = wrapper.framework; includeInIndex = 0; path = Pods_Notes.framework; sourceTree = BUILT_PRODUCTS_DIR; };
		F2FEA56A6C780F031D1F332E /* Pods-Notes.debug.xcconfig */ = {isa = PBXFileReference; includeInIndex = 1; lastKnownFileType = text.xcconfig; name = "Pods-Notes.debug.xcconfig"; path = "Target Support Files/Pods-Notes/Pods-Notes.debug.xcconfig"; sourceTree = "<group>"; };
/* End PBXFileReference section */

/* Begin PBXFrameworksBuildPhase section */
		28B422AB2953124D00543AF9 /* Frameworks */ = {
			isa = PBXFrameworksBuildPhase;
			buildActionMask = 2147483647;
			files = (
				0BF2F10D20A171F897866DCB /* Pods_Notes.framework in Frameworks */,
			);
			runOnlyForDeploymentPostprocessing = 0;
		};
/* End PBXFrameworksBuildPhase section */

/* Begin PBXGroup section */
		1C1933731FFFA1A5E7190148 /* Pods */ = {
			isa = PBXGroup;
			children = (
				F2FEA56A6C780F031D1F332E /* Pods-Notes.debug.xcconfig */,
				563027FCE741B8A6DB6ACF3C /* Pods-Notes.release.xcconfig */,
			);
			path = Pods;
			sourceTree = "<group>";
		};
		2869ADAF295701F000C2C44A /* CoreData */ = {
			isa = PBXGroup;
			children = (
				28A82BF52957138800551190 /* NotesData+CoreDataClass.swift */,
				28A82BF62957138800551190 /* NotesData+CoreDataProperties.swift */,
				2869ADC52957083600C2C44A /* PersistenceManager.swift */,
			);
			path = CoreData;
			sourceTree = "<group>";
		};
		28A82BF929573ED700551190 /* Models */ = {
			isa = PBXGroup;
			children = (
				28A82BFD29573F0200551190 /* NewNoteModel.swift */,
			);
			path = Models;
			sourceTree = "<group>";
		};
		28B422A52953124C00543AF9 = {
			isa = PBXGroup;
			children = (
				28B422B02953124D00543AF9 /* Notes */,
				28B422AF2953124D00543AF9 /* Products */,
				1C1933731FFFA1A5E7190148 /* Pods */,
				E6C83921EE1D5A98EE719587 /* Frameworks */,
			);
			sourceTree = "<group>";
		};
		28B422AF2953124D00543AF9 /* Products */ = {
			isa = PBXGroup;
			children = (
				28B422AE2953124D00543AF9 /* Notes.app */,
			);
			name = Products;
			sourceTree = "<group>";
		};
		28B422B02953124D00543AF9 /* Notes */ = {
			isa = PBXGroup;
			children = (
				28A82BF929573ED700551190 /* Models */,
				2869ADAF295701F000C2C44A /* CoreData */,
				28BDF61B2955E7420072F0E4 /* EntryNote */,
				28B422FF29547C9000543AF9 /* NewNote */,
				28B422C9295315A800543AF9 /* Home */,
				28B422B12953124D00543AF9 /* AppDelegate.swift */,
				28B422B32953124D00543AF9 /* SceneDelegate.swift */,
				28B422BA2953124F00543AF9 /* Assets.xcassets */,
				28B422BC2953124F00543AF9 /* LaunchScreen.storyboard */,
				28B422BF2953124F00543AF9 /* Info.plist */,
				2869ADDB295710BF00C2C44A /* Notes.xcdatamodeld */,
			);
			path = Notes;
			sourceTree = "<group>";
		};
		28B422C9295315A800543AF9 /* Home */ = {
			isa = PBXGroup;
			children = (
				28B422C52953158500543AF9 /* HomeViewController.swift */,
				28B422C7295315A200543AF9 /* HomeView.swift */,
				28B422CB2953395200543AF9 /* HomeTableViewCell.swift */,
			);
			path = Home;
			sourceTree = "<group>";
		};
		28B422FF29547C9000543AF9 /* NewNote */ = {
			isa = PBXGroup;
			children = (
				28BDF6192954858A0072F0E4 /* NewNoteViewController.swift */,
				28B4230229547CFF00543AF9 /* NewNoteView.swift */,
			);
			path = NewNote;
			sourceTree = "<group>";
		};
		28BDF61B2955E7420072F0E4 /* EntryNote */ = {
			isa = PBXGroup;
			children = (
				28BDF61C2955E7610072F0E4 /* EntryNoteViewController.swift */,
			);
			path = EntryNote;
			sourceTree = "<group>";
		};
		E6C83921EE1D5A98EE719587 /* Frameworks */ = {
			isa = PBXGroup;
			children = (
				D1F6FBFCDAA6E87A96D7ADF0 /* Pods_Notes.framework */,
			);
			name = Frameworks;
			sourceTree = "<group>";
		};
/* End PBXGroup section */

/* Begin PBXNativeTarget section */
		28B422AD2953124D00543AF9 /* Notes */ = {
			isa = PBXNativeTarget;
			buildConfigurationList = 28B422C22953124F00543AF9 /* Build configuration list for PBXNativeTarget "Notes" */;
			buildPhases = (
				835378DE7BB6523C0A1F4EB0 /* [CP] Check Pods Manifest.lock */,
				28B422CA2953188800543AF9 /* ShellScript */,
				28B422AA2953124D00543AF9 /* Sources */,
				28B422AB2953124D00543AF9 /* Frameworks */,
				28B422AC2953124D00543AF9 /* Resources */,
				3826AF1ADD5EAB0A82FB0882 /* [CP] Embed Pods Frameworks */,
			);
			buildRules = (
			);
			dependencies = (
			);
			name = Notes;
			productName = Notes;
			productReference = 28B422AE2953124D00543AF9 /* Notes.app */;
			productType = "com.apple.product-type.application";
		};
/* End PBXNativeTarget section */

/* Begin PBXProject section */
		28B422A62953124C00543AF9 /* Project object */ = {
			isa = PBXProject;
			attributes = {
				BuildIndependentTargetsInParallel = 1;
				LastSwiftUpdateCheck = 1330;
				LastUpgradeCheck = 1330;
				TargetAttributes = {
					28B422AD2953124D00543AF9 = {
						CreatedOnToolsVersion = 13.3.1;
					};
				};
			};
			buildConfigurationList = 28B422A92953124C00543AF9 /* Build configuration list for PBXProject "Notes" */;
			compatibilityVersion = "Xcode 13.0";
			developmentRegion = en;
			hasScannedForEncodings = 0;
			knownRegions = (
				en,
				Base,
			);
			mainGroup = 28B422A52953124C00543AF9;
			productRefGroup = 28B422AF2953124D00543AF9 /* Products */;
			projectDirPath = "";
			projectRoot = "";
			targets = (
				28B422AD2953124D00543AF9 /* Notes */,
			);
		};
/* End PBXProject section */

/* Begin PBXResourcesBuildPhase section */
		28B422AC2953124D00543AF9 /* Resources */ = {
			isa = PBXResourcesBuildPhase;
			buildActionMask = 2147483647;
			files = (
				28B422BE2953124F00543AF9 /* LaunchScreen.storyboard in Resources */,
				28B422BB2953124F00543AF9 /* Assets.xcassets in Resources */,
			);
			runOnlyForDeploymentPostprocessing = 0;
		};
/* End PBXResourcesBuildPhase section */

/* Begin PBXShellScriptBuildPhase section */
		28B422CA2953188800543AF9 /* ShellScript */ = {
			isa = PBXShellScriptBuildPhase;
			buildActionMask = 2147483647;
			files = (
			);
			inputFileListPaths = (
			);
			inputPaths = (
			);
			outputFileListPaths = (
			);
			outputPaths = (
			);
			runOnlyForDeploymentPostprocessing = 0;
			shellPath = /bin/sh;
			shellScript = "\"${PODS_ROOT}/SwiftLint/swiftlint\"\n";
		};
		3826AF1ADD5EAB0A82FB0882 /* [CP] Embed Pods Frameworks */ = {
			isa = PBXShellScriptBuildPhase;
			buildActionMask = 2147483647;
			files = (
			);
			inputFileListPaths = (
				"${PODS_ROOT}/Target Support Files/Pods-Notes/Pods-Notes-frameworks-${CONFIGURATION}-input-files.xcfilelist",
			);
			name = "[CP] Embed Pods Frameworks";
			outputFileListPaths = (
				"${PODS_ROOT}/Target Support Files/Pods-Notes/Pods-Notes-frameworks-${CONFIGURATION}-output-files.xcfilelist",
			);
			runOnlyForDeploymentPostprocessing = 0;
			shellPath = /bin/sh;
			shellScript = "\"${PODS_ROOT}/Target Support Files/Pods-Notes/Pods-Notes-frameworks.sh\"\n";
			showEnvVarsInLog = 0;
		};
		835378DE7BB6523C0A1F4EB0 /* [CP] Check Pods Manifest.lock */ = {
			isa = PBXShellScriptBuildPhase;
			buildActionMask = 2147483647;
			files = (
			);
			inputFileListPaths = (
			);
			inputPaths = (
				"${PODS_PODFILE_DIR_PATH}/Podfile.lock",
				"${PODS_ROOT}/Manifest.lock",
			);
			name = "[CP] Check Pods Manifest.lock";
			outputFileListPaths = (
			);
			outputPaths = (
				"$(DERIVED_FILE_DIR)/Pods-Notes-checkManifestLockResult.txt",
			);
			runOnlyForDeploymentPostprocessing = 0;
			shellPath = /bin/sh;
			shellScript = "diff \"${PODS_PODFILE_DIR_PATH}/Podfile.lock\" \"${PODS_ROOT}/Manifest.lock\" > /dev/null\nif [ $? != 0 ] ; then\n    # print error to STDERR\n    echo \"error: The sandbox is not in sync with the Podfile.lock. Run 'pod install' or update your CocoaPods installation.\" >&2\n    exit 1\nfi\n# This output is used by Xcode 'outputs' to avoid re-running this script phase.\necho \"SUCCESS\" > \"${SCRIPT_OUTPUT_FILE_0}\"\n";
			showEnvVarsInLog = 0;
		};
/* End PBXShellScriptBuildPhase section */

/* Begin PBXSourcesBuildPhase section */
		28B422AA2953124D00543AF9 /* Sources */ = {
			isa = PBXSourcesBuildPhase;
			buildActionMask = 2147483647;
			files = (
				28B422C62953158500543AF9 /* HomeViewController.swift in Sources */,
				2869ADDD295710BF00C2C44A /* Notes.xcdatamodeld in Sources */,
				2869ADC62957083600C2C44A /* PersistenceManager.swift in Sources */,
				28B4230329547CFF00543AF9 /* NewNoteView.swift in Sources */,
				28A82BF72957138800551190 /* NotesData+CoreDataClass.swift in Sources */,
				28BDF61A2954858A0072F0E4 /* NewNoteViewController.swift in Sources */,
				28B422C8295315A200543AF9 /* HomeView.swift in Sources */,
				28A82BF82957138800551190 /* NotesData+CoreDataProperties.swift in Sources */,
				28A82BFE29573F0200551190 /* NewNoteModel.swift in Sources */,
				28B422CC2953395300543AF9 /* HomeTableViewCell.swift in Sources */,
				28B422B22953124D00543AF9 /* AppDelegate.swift in Sources */,
				28B422B42953124D00543AF9 /* SceneDelegate.swift in Sources */,
				28BDF61D2955E7610072F0E4 /* EntryNoteViewController.swift in Sources */,
			);
			runOnlyForDeploymentPostprocessing = 0;
		};
/* End PBXSourcesBuildPhase section */

/* Begin PBXVariantGroup section */
		28B422BC2953124F00543AF9 /* LaunchScreen.storyboard */ = {
			isa = PBXVariantGroup;
			children = (
				28B422BD2953124F00543AF9 /* Base */,
			);
			name = LaunchScreen.storyboard;
			sourceTree = "<group>";
		};
/* End PBXVariantGroup section */

/* Begin XCBuildConfiguration section */
		28B422C02953124F00543AF9 /* Debug */ = {
			isa = XCBuildConfiguration;
			buildSettings = {
				ALWAYS_SEARCH_USER_PATHS = NO;
				CLANG_ANALYZER_NONNULL = YES;
				CLANG_ANALYZER_NUMBER_OBJECT_CONVERSION = YES_AGGRESSIVE;
				CLANG_CXX_LANGUAGE_STANDARD = "gnu++17";
				CLANG_ENABLE_MODULES = YES;
				CLANG_ENABLE_OBJC_ARC = YES;
				CLANG_ENABLE_OBJC_WEAK = YES;
				CLANG_WARN_BLOCK_CAPTURE_AUTORELEASING = YES;
				CLANG_WARN_BOOL_CONVERSION = YES;
				CLANG_WARN_COMMA = YES;
				CLANG_WARN_CONSTANT_CONVERSION = YES;
				CLANG_WARN_DEPRECATED_OBJC_IMPLEMENTATIONS = YES;
				CLANG_WARN_DIRECT_OBJC_ISA_USAGE = YES_ERROR;
				CLANG_WARN_DOCUMENTATION_COMMENTS = YES;
				CLANG_WARN_EMPTY_BODY = YES;
				CLANG_WARN_ENUM_CONVERSION = YES;
				CLANG_WARN_INFINITE_RECURSION = YES;
				CLANG_WARN_INT_CONVERSION = YES;
				CLANG_WARN_NON_LITERAL_NULL_CONVERSION = YES;
				CLANG_WARN_OBJC_IMPLICIT_RETAIN_SELF = YES;
				CLANG_WARN_OBJC_LITERAL_CONVERSION = YES;
				CLANG_WARN_OBJC_ROOT_CLASS = YES_ERROR;
				CLANG_WARN_QUOTED_INCLUDE_IN_FRAMEWORK_HEADER = YES;
				CLANG_WARN_RANGE_LOOP_ANALYSIS = YES;
				CLANG_WARN_STRICT_PROTOTYPES = YES;
				CLANG_WARN_SUSPICIOUS_MOVE = YES;
				CLANG_WARN_UNGUARDED_AVAILABILITY = YES_AGGRESSIVE;
				CLANG_WARN_UNREACHABLE_CODE = YES;
				CLANG_WARN__DUPLICATE_METHOD_MATCH = YES;
				COPY_PHASE_STRIP = NO;
				DEBUG_INFORMATION_FORMAT = dwarf;
				ENABLE_STRICT_OBJC_MSGSEND = YES;
				ENABLE_TESTABILITY = YES;
				GCC_C_LANGUAGE_STANDARD = gnu11;
				GCC_DYNAMIC_NO_PIC = NO;
				GCC_NO_COMMON_BLOCKS = YES;
				GCC_OPTIMIZATION_LEVEL = 0;
				GCC_PREPROCESSOR_DEFINITIONS = (
					"DEBUG=1",
					"$(inherited)",
				);
				GCC_WARN_64_TO_32_BIT_CONVERSION = YES;
				GCC_WARN_ABOUT_RETURN_TYPE = YES_ERROR;
				GCC_WARN_UNDECLARED_SELECTOR = YES;
				GCC_WARN_UNINITIALIZED_AUTOS = YES_AGGRESSIVE;
				GCC_WARN_UNUSED_FUNCTION = YES;
				GCC_WARN_UNUSED_VARIABLE = YES;
				IPHONEOS_DEPLOYMENT_TARGET = 15.4;
				MTL_ENABLE_DEBUG_INFO = INCLUDE_SOURCE;
				MTL_FAST_MATH = YES;
				ONLY_ACTIVE_ARCH = YES;
				SDKROOT = iphoneos;
				SWIFT_ACTIVE_COMPILATION_CONDITIONS = DEBUG;
				SWIFT_OPTIMIZATION_LEVEL = "-Onone";
			};
			name = Debug;
		};
		28B422C12953124F00543AF9 /* Release */ = {
			isa = XCBuildConfiguration;
			buildSettings = {
				ALWAYS_SEARCH_USER_PATHS = NO;
				CLANG_ANALYZER_NONNULL = YES;
				CLANG_ANALYZER_NUMBER_OBJECT_CONVERSION = YES_AGGRESSIVE;
				CLANG_CXX_LANGUAGE_STANDARD = "gnu++17";
				CLANG_ENABLE_MODULES = YES;
				CLANG_ENABLE_OBJC_ARC = YES;
				CLANG_ENABLE_OBJC_WEAK = YES;
				CLANG_WARN_BLOCK_CAPTURE_AUTORELEASING = YES;
				CLANG_WARN_BOOL_CONVERSION = YES;
				CLANG_WARN_COMMA = YES;
				CLANG_WARN_CONSTANT_CONVERSION = YES;
				CLANG_WARN_DEPRECATED_OBJC_IMPLEMENTATIONS = YES;
				CLANG_WARN_DIRECT_OBJC_ISA_USAGE = YES_ERROR;
				CLANG_WARN_DOCUMENTATION_COMMENTS = YES;
				CLANG_WARN_EMPTY_BODY = YES;
				CLANG_WARN_ENUM_CONVERSION = YES;
				CLANG_WARN_INFINITE_RECURSION = YES;
				CLANG_WARN_INT_CONVERSION = YES;
				CLANG_WARN_NON_LITERAL_NULL_CONVERSION = YES;
				CLANG_WARN_OBJC_IMPLICIT_RETAIN_SELF = YES;
				CLANG_WARN_OBJC_LITERAL_CONVERSION = YES;
				CLANG_WARN_OBJC_ROOT_CLASS = YES_ERROR;
				CLANG_WARN_QUOTED_INCLUDE_IN_FRAMEWORK_HEADER = YES;
				CLANG_WARN_RANGE_LOOP_ANALYSIS = YES;
				CLANG_WARN_STRICT_PROTOTYPES = YES;
				CLANG_WARN_SUSPICIOUS_MOVE = YES;
				CLANG_WARN_UNGUARDED_AVAILABILITY = YES_AGGRESSIVE;
				CLANG_WARN_UNREACHABLE_CODE = YES;
				CLANG_WARN__DUPLICATE_METHOD_MATCH = YES;
				COPY_PHASE_STRIP = NO;
				DEBUG_INFORMATION_FORMAT = "dwarf-with-dsym";
				ENABLE_NS_ASSERTIONS = NO;
				ENABLE_STRICT_OBJC_MSGSEND = YES;
				GCC_C_LANGUAGE_STANDARD = gnu11;
				GCC_NO_COMMON_BLOCKS = YES;
				GCC_WARN_64_TO_32_BIT_CONVERSION = YES;
				GCC_WARN_ABOUT_RETURN_TYPE = YES_ERROR;
				GCC_WARN_UNDECLARED_SELECTOR = YES;
				GCC_WARN_UNINITIALIZED_AUTOS = YES_AGGRESSIVE;
				GCC_WARN_UNUSED_FUNCTION = YES;
				GCC_WARN_UNUSED_VARIABLE = YES;
				IPHONEOS_DEPLOYMENT_TARGET = 15.4;
				MTL_ENABLE_DEBUG_INFO = NO;
				MTL_FAST_MATH = YES;
				SDKROOT = iphoneos;
				SWIFT_COMPILATION_MODE = wholemodule;
				SWIFT_OPTIMIZATION_LEVEL = "-O";
				VALIDATE_PRODUCT = YES;
			};
			name = Release;
		};
		28B422C32953124F00543AF9 /* Debug */ = {
			isa = XCBuildConfiguration;
			baseConfigurationReference = F2FEA56A6C780F031D1F332E /* Pods-Notes.debug.xcconfig */;
			buildSettings = {
				ASSETCATALOG_COMPILER_APPICON_NAME = AppIcon;
				ASSETCATALOG_COMPILER_GLOBAL_ACCENT_COLOR_NAME = AccentColor;
				CODE_SIGN_STYLE = Automatic;
				CURRENT_PROJECT_VERSION = 1;
				GENERATE_INFOPLIST_FILE = YES;
				INFOPLIST_FILE = Notes/Info.plist;
				INFOPLIST_KEY_UIApplicationSupportsIndirectInputEvents = YES;
				INFOPLIST_KEY_UILaunchStoryboardName = LaunchScreen;
				INFOPLIST_KEY_UISupportedInterfaceOrientations_iPad = "UIInterfaceOrientationPortrait UIInterfaceOrientationPortraitUpsideDown UIInterfaceOrientationLandscapeLeft UIInterfaceOrientationLandscapeRight";
				INFOPLIST_KEY_UISupportedInterfaceOrientations_iPhone = "UIInterfaceOrientationPortrait UIInterfaceOrientationLandscapeLeft UIInterfaceOrientationLandscapeRight";
				LD_RUNPATH_SEARCH_PATHS = (
					"$(inherited)",
					"@executable_path/Frameworks",
				);
				MARKETING_VERSION = 1.0;
				PRODUCT_BUNDLE_IDENTIFIER = "-.Notes";
				PRODUCT_NAME = "$(TARGET_NAME)";
				SWIFT_EMIT_LOC_STRINGS = YES;
				SWIFT_VERSION = 5.0;
				TARGETED_DEVICE_FAMILY = "1,2";
			};
			name = Debug;
		};
		28B422C42953124F00543AF9 /* Release */ = {
			isa = XCBuildConfiguration;
			baseConfigurationReference = 563027FCE741B8A6DB6ACF3C /* Pods-Notes.release.xcconfig */;
			buildSettings = {
				ASSETCATALOG_COMPILER_APPICON_NAME = AppIcon;
				ASSETCATALOG_COMPILER_GLOBAL_ACCENT_COLOR_NAME = AccentColor;
				CODE_SIGN_STYLE = Automatic;
				CURRENT_PROJECT_VERSION = 1;
				GENERATE_INFOPLIST_FILE = YES;
				INFOPLIST_FILE = Notes/Info.plist;
				INFOPLIST_KEY_UIApplicationSupportsIndirectInputEvents = YES;
				INFOPLIST_KEY_UILaunchStoryboardName = LaunchScreen;
				INFOPLIST_KEY_UISupportedInterfaceOrientations_iPad = "UIInterfaceOrientationPortrait UIInterfaceOrientationPortraitUpsideDown UIInterfaceOrientationLandscapeLeft UIInterfaceOrientationLandscapeRight";
				INFOPLIST_KEY_UISupportedInterfaceOrientations_iPhone = "UIInterfaceOrientationPortrait UIInterfaceOrientationLandscapeLeft UIInterfaceOrientationLandscapeRight";
				LD_RUNPATH_SEARCH_PATHS = (
					"$(inherited)",
					"@executable_path/Frameworks",
				);
				MARKETING_VERSION = 1.0;
				PRODUCT_BUNDLE_IDENTIFIER = "-.Notes";
				PRODUCT_NAME = "$(TARGET_NAME)";
				SWIFT_EMIT_LOC_STRINGS = YES;
				SWIFT_VERSION = 5.0;
				TARGETED_DEVICE_FAMILY = "1,2";
			};
			name = Release;
		};
/* End XCBuildConfiguration section */

/* Begin XCConfigurationList section */
		28B422A92953124C00543AF9 /* Build configuration list for PBXProject "Notes" */ = {
			isa = XCConfigurationList;
			buildConfigurations = (
				28B422C02953124F00543AF9 /* Debug */,
				28B422C12953124F00543AF9 /* Release */,
			);
			defaultConfigurationIsVisible = 0;
			defaultConfigurationName = Release;
		};
		28B422C22953124F00543AF9 /* Build configuration list for PBXNativeTarget "Notes" */ = {
			isa = XCConfigurationList;
			buildConfigurations = (
				28B422C32953124F00543AF9 /* Debug */,
				28B422C42953124F00543AF9 /* Release */,
			);
			defaultConfigurationIsVisible = 0;
			defaultConfigurationName = Release;
		};
/* End XCConfigurationList section */

/* Begin XCVersionGroup section */
		2869ADDB295710BF00C2C44A /* Notes.xcdatamodeld */ = {
			isa = XCVersionGroup;
			children = (
				2869ADDC295710BF00C2C44A /* Notes.xcdatamodel */,
			);
			currentVersion = 2869ADDC295710BF00C2C44A /* Notes.xcdatamodel */;
			path = Notes.xcdatamodeld;
			sourceTree = "<group>";
			versionGroupType = wrapper.xcdatamodel;
		};
/* End XCVersionGroup section */
	};
	rootObject = 28B422A62953124C00543AF9 /* Project object */;
}
